# This is a Gradle generated file for dependency locking.
# Manual edits can break the build and are not advised.
# This file is expected to be part of source control.
com.fasterxml.jackson.core:jackson-annotations:2.22=compileClasspath,provisioningCompileClasspath,provisioningRuntimeClasspath,provisioningTestCompileClasspath,provisioningTestRuntimeClasspath,runtimeClasspath,testCompileClasspath,testRuntimeClasspath
com.fasterxml.jackson.core:jackson-core:2.22.2=compileClasspath,provisioningCompileClasspath,provisioningRuntimeClasspath,provisioningTestCompileClasspath,provisioningTestRuntimeClasspath,runtimeClasspath,testCompileClasspath,testRuntimeClasspath
com.fasterxml.jackson.core:jackson-databind:2.22.2=compileClasspath,provisioningCompileClasspath,provisioningRuntimeClasspath,provisioningTestCompileClasspath,provisioningTestRuntimeClasspath,runtimeClasspath,testCompileClasspath,testRuntimeClasspath
com.fasterxml.jackson.datatype:jackson-datatype-jsr310:2.22.2=compileClasspath,provisioningCompileClasspath,provisioningRuntimeClasspath,provisioningTestCompileClasspath,provisioningTestRuntimeClasspath,runtimeClasspath,testCompileClasspath,testRuntimeClasspath
com.fasterxml.jackson:jackson-bom:2.22.2=compileClasspath,provisioningCompileClasspath,provisioningRuntimeClasspath,provisioningTestCompileClasspath,provisioningTestRuntimeClasspath,runtimeClasspath,testCompileClasspath,testRuntimeClasspath
com.github.docker-java:docker-java-api:3.7.1=provisioningCompileClasspath,provisioningRuntimeClasspath,provisioningTestCompileClasspath,provisioningTestRuntimeClasspath
com.github.docker-java:docker-java-transport-zerodep:3.7.1=provisioningCompileClasspath,provisioningRuntimeClasspath,provisioningTestCompileClasspath,provisioningTestRuntimeClasspath
com.github.docker-java:docker-java-transport:3.7.1=provisioningCompileClasspath,provisioningRuntimeClasspath,provisioningTestCompileClasspath,provisioningTestRuntimeClasspath
commons-codec:commons-codec:1.11=compileClasspath,runtimeClasspath,testCompileClasspath,testRuntimeClasspath
commons-codec:commons-codec:1.19.0=provisioningCompileClasspath,provisioningRuntimeClasspath,provisioningTestCompileClasspath,provisioningTestRuntimeClasspath
commons-io:commons-io:2.20.0=provisioningCompileClasspath,provisioningRuntimeClasspath,provisioningTestCompileClasspath,provisioningTestRuntimeClasspath
commons-logging:commons-logging:1.2=compileClasspath,provisioningCompileClasspath,provisioningRuntimeClasspath,provisioningTestCompileClasspath,provisioningTestRuntimeClasspath,runtimeClasspath,testCompileClasspath,testRuntimeClasspath
io.qameta.allure:allure-java-commons:2.35.5=compileClasspath,provisioningCompileClasspath,provisioningRuntimeClasspath,provisioningTestCompileClasspath,provisioningTestRuntimeClasspath,runtimeClasspath,testCompileClasspath,testRuntimeClasspath
io.qameta.allure:allure-junit-platform:2.35.5=provisioningTestRuntimeClasspath,testRuntimeClasspath
io.qameta.allure:allure-junit5:2.35.5=provisioningTestRuntimeClasspath,testRuntimeClasspath
io.qameta.allure:allure-jupiter:2.35.5=provisioningTestRuntimeClasspath,testRuntimeClasspath
io.qameta.allure:allure-model:2.35.5=compileClasspath,provisioningCompileClasspath,provisioningRuntimeClasspath,provisioningTestCompileClasspath,provisioningTestRuntimeClasspath,runtimeClasspath,testCompileClasspath,testRuntimeClasspath
io.qameta.allure:allure-test-filter:2.35.5=provisioningTestRuntimeClasspath,testRuntimeClasspath
io.rest-assured:json-path:6.0.1=compileClasspath,provisioningCompileClasspath,provisioningRuntimeClasspath,provisioningTestCompileClasspath,provisioningTestRuntimeClasspath,runtimeClasspath,testCompileClasspath,testRuntimeClasspath
io.rest-assured:rest-assured-common:6.0.1=compileClasspath,provisioningCompileClasspath,provisioningRuntimeClasspath,provisioningTestCompileClasspath,provisioningTestRuntimeClasspath,runtimeClasspath,testCompileClasspath,testRuntimeClasspath
io.rest-assured:rest-assured:6.0.1=compileClasspath,provisioningCompileClasspath,provisioningRuntimeClasspath,provisioningTestCompileClasspath,provisioningTestRuntimeClasspath,runtimeClasspath,testCompileClasspath,testRuntimeClasspath
io.rest-assured:xml-path:6.0.1=compileClasspath,provisioningCompileClasspath,provisioningRuntimeClasspath,provisioningTestCompileClasspath,provisioningTestRuntimeClasspath,runtimeClasspath,testCompileClasspath,testRuntimeClasspath
net.bytebuddy:byte-buddy:1.18.3=compileClasspath,provisioningCompileClasspath,provisioningRuntimeClasspath,provisioningTestCompileClasspath,provisioningTestRuntimeClasspath,runtimeClasspath,testCompileClasspath,testRuntimeClasspath
net.java.dev.jna:jna:5.18.1=provisioningCompileClasspath,provisioningRuntimeClasspath,provisioningTestCompileClasspath,provisioningTestRuntimeClasspath
org.apache.commons:commons-compress:1.28.0=provisioningCompileClasspath,provisioningRuntimeClasspath,provisioningTestCompileClasspath,provisioningTestRuntimeClasspath
org.apache.commons:commons-lang3:3.19.0=compileClasspath,provisioningCompileClasspath,provisioningRuntimeClasspath,provisioningTestCompileClasspath,provisioningTestRuntimeClasspath,runtimeClasspath,testCompileClasspath,testRuntimeClasspath
org.apache.groovy:groovy-bom:5.0.3=compileClasspath,provisioningCompileClasspath,provisioningRuntimeClasspath,provisioningTestCompileClasspath,provisioningTestRuntimeClasspath,runtimeClasspath,testCompileClasspath,testRuntimeClasspath
org.apache.groovy:groovy-json:5.0.3=compileClasspath,provisioningCompileClasspath,provisioningRuntimeClasspath,provisioningTestCompileClasspath,provisioningTestRuntimeClasspath,runtimeClasspath,testCompileClasspath,testRuntimeClasspath
org.apache.groovy:groovy-xml:5.0.3=compileClasspath,provisioningCompileClasspath,provisioningRuntimeClasspath,provisioningTestCompileClasspath,provisioningTestRuntimeClasspath,runtimeClasspath,testCompileClasspath,testRuntimeClasspath
org.apache.groovy:groovy:5.0.3=compileClasspath,provisioningCompileClasspath,provisioningRuntimeClasspath,provisioningTestCompileClasspath,provisioningTestRuntimeClasspath,runtimeClasspath,testCompileClasspath,testRuntimeClasspath
org.apache.httpcomponents:httpclient:4.5.13=compileClasspath,provisioningCompileClasspath,provisioningRuntimeClasspath,provisioningTestCompileClasspath,provisioningTestRuntimeClasspath,runtimeClasspath,testCompileClasspath,testRuntimeClasspath
org.apache.httpcomponents:httpcore:4.4.13=compileClasspath,provisioningCompileClasspath,provisioningRuntimeClasspath,provisioningTestCompileClasspath,provisioningTestRuntimeClasspath,runtimeClasspath,testCompileClasspath,testRuntimeClasspath
org.apache.httpcomponents:httpmime:4.5.13=compileClasspath,provisioningCompileClasspath,provisioningRuntimeClasspath,provisioningTestCompileClasspath,provisioningTestRuntimeClasspath,runtimeClasspath,testCompileClasspath,testRuntimeClasspath
org.apiguardian:apiguardian-api:1.1.2=provisioningCompileClasspath,provisioningTestCompileClasspath,testCompileClasspath
org.assertj:assertj-core:3.27.7=compileClasspath,provisioningCompileClasspath,provisioningRuntimeClasspath,provisioningTestCompileClasspath,provisioningTestRuntimeClasspath,runtimeClasspath,testCompileClasspath,testRuntimeClasspath
org.awaitility:awaitility:4.3.0=compileClasspath,provisioningCompileClasspath,provisioningRuntimeClasspath,provisioningTestCompileClasspath,provisioningTestRuntimeClasspath,runtimeClasspath,testCompileClasspath,testRuntimeClasspath
org.ccil.cowan.tagsoup:tagsoup:1.2.1=compileClasspath,provisioningCompileClasspath,provisioningRuntimeClasspath,provisioningTestCompileClasspath,provisioningTestRuntimeClasspath,runtimeClasspath,testCompileClasspath,testRuntimeClasspath
org.hamcrest:hamcrest:2.2=compileClasspath,provisioningCompileClasspath,provisioningRuntimeClasspath,provisioningTestCompileClasspath,provisioningTestRuntimeClasspath,runtimeClasspath,testCompileClasspath,testRuntimeClasspath
org.jetbrains:annotations:17.0.0=provisioningCompileClasspath,provisioningRuntimeClasspath,provisioningTestCompileClasspath,provisioningTestRuntimeClasspath
org.junit.jupiter:junit-jupiter-api:5.14.4=provisioningTestCompileClasspath,provisioningTestRuntimeClasspath,testCompileClasspath,testRuntimeClasspath
org.junit.jupiter:junit-jupiter-engine:5.14.4=provisioningTestRuntimeClasspath,testRuntimeClasspath
org.junit.jupiter:junit-jupiter-params:5.14.4=provisioningTestCompileClasspath,provisioningTestRuntimeClasspath,testCompileClasspath,testRuntimeClasspath
org.junit.jupiter:junit-jupiter:5.14.4=provisioningTestCompileClasspath,provisioningTestRuntimeClasspath,testCompileClasspath,testRuntimeClasspath
org.junit.platform:junit-platform-commons:1.14.4=provisioningCompileClasspath,provisioningRuntimeClasspath,provisioningTestCompileClasspath,provisioningTestRuntimeClasspath,testCompileClasspath,testRuntimeClasspath
org.junit.platform:junit-platform-engine:1.14.4=provisioningCompileClasspath,provisioningRuntimeClasspath,provisioningTestCompileClasspath,provisioningTestRuntimeClasspath,testRuntimeClasspath
org.junit.platform:junit-platform-launcher:1.14.4=provisioningCompileClasspath,provisioningRuntimeClasspath,provisioningTestCompileClasspath,provisioningTestRuntimeClasspath,testRuntimeClasspath
org.junit:junit-bom:5.14.4=provisioningCompileClasspath,provisioningRuntimeClasspath,provisioningTestCompileClasspath,provisioningTestRuntimeClasspath,testCompileClasspath,testRuntimeClasspath
org.opentest4j:opentest4j:1.3.0=provisioningCompileClasspath,provisioningRuntimeClasspath,provisioningTestCompileClasspath,provisioningTestRuntimeClasspath,testCompileClasspath,testRuntimeClasspath
org.rnorth.duct-tape:duct-tape:1.0.8=provisioningCompileClasspath,provisioningRuntimeClasspath,provisioningTestCompileClasspath,provisioningTestRuntimeClasspath
org.slf4j:slf4j-api:2.0.17=compileClasspath,provisioningCompileClasspath,provisioningRuntimeClasspath,provisioningTestCompileClasspath,provisioningTestRuntimeClasspath,runtimeClasspath,testCompileClasspath,testRuntimeClasspath
org.slf4j:slf4j-nop:2.0.17=provisioningRuntimeClasspath,provisioningTestRuntimeClasspath
org.testcontainers:testcontainers-bom:2.0.4=provisioningCompileClasspath,provisioningRuntimeClasspath,provisioningTestCompileClasspath,provisioningTestRuntimeClasspath
org.testcontainers:testcontainers-database-commons:2.0.4=provisioningCompileClasspath,provisioningRuntimeClasspath,provisioningTestCompileClasspath,provisioningTestRuntimeClasspath
org.testcontainers:testcontainers-jdbc:2.0.4=provisioningCompileClasspath,provisioningRuntimeClasspath,provisioningTestCompileClasspath,provisioningTestRuntimeClasspath
org.testcontainers:testcontainers-kafka:2.0.4=provisioningCompileClasspath,provisioningRuntimeClasspath,provisioningTestCompileClasspath,provisioningTestRuntimeClasspath
org.testcontainers:testcontainers-postgresql:2.0.4=provisioningCompileClasspath,provisioningRuntimeClasspath,provisioningTestCompileClasspath,provisioningTestRuntimeClasspath
org.testcontainers:testcontainers:2.0.4=provisioningCompileClasspath,provisioningRuntimeClasspath,provisioningTestCompileClasspath,provisioningTestRuntimeClasspath
empty=annotationProcessor,provisioningAnnotationProcessor,provisioningTestAnnotationProcessor,testAnnotationProcessor
