# This is a Gradle generated file for dependency locking.
# Manual edits can break the build and are not advised.
# This file is expected to be part of source control.
com.fasterxml.jackson.core:jackson-annotations:2.22=compileClasspath,runtimeClasspath,testCompileClasspath,testRuntimeClasspath
com.fasterxml.jackson.core:jackson-core:2.22.2=compileClasspath,runtimeClasspath,testCompileClasspath,testRuntimeClasspath
com.fasterxml.jackson.core:jackson-databind:2.22.2=compileClasspath,runtimeClasspath,testCompileClasspath,testRuntimeClasspath
com.fasterxml.jackson.datatype:jackson-datatype-jsr310:2.22.2=compileClasspath,runtimeClasspath,testCompileClasspath,testRuntimeClasspath
com.fasterxml.jackson:jackson-bom:2.22.2=compileClasspath,runtimeClasspath,testCompileClasspath,testRuntimeClasspath
commons-codec:commons-codec:1.11=compileClasspath,runtimeClasspath,testCompileClasspath,testRuntimeClasspath
commons-logging:commons-logging:1.2=compileClasspath,runtimeClasspath,testCompileClasspath,testRuntimeClasspath
io.qameta.allure:allure-java-commons:2.35.5=compileClasspath,runtimeClasspath,testCompileClasspath,testRuntimeClasspath
io.qameta.allure:allure-junit-platform:2.35.5=testRuntimeClasspath
io.qameta.allure:allure-junit5:2.35.5=testRuntimeClasspath
io.qameta.allure:allure-jupiter:2.35.5=testRuntimeClasspath
io.qameta.allure:allure-model:2.35.5=compileClasspath,runtimeClasspath,testCompileClasspath,testRuntimeClasspath
io.qameta.allure:allure-test-filter:2.35.5=testRuntimeClasspath
io.rest-assured:json-path:6.0.1=compileClasspath,runtimeClasspath,testCompileClasspath,testRuntimeClasspath
io.rest-assured:rest-assured-common:6.0.1=compileClasspath,runtimeClasspath,testCompileClasspath,testRuntimeClasspath
io.rest-assured:rest-assured:6.0.1=compileClasspath,runtimeClasspath,testCompileClasspath,testRuntimeClasspath
io.rest-assured:xml-path:6.0.1=compileClasspath,runtimeClasspath,testCompileClasspath,testRuntimeClasspath
net.bytebuddy:byte-buddy:1.18.3=compileClasspath,runtimeClasspath,testCompileClasspath,testRuntimeClasspath
org.apache.commons:commons-lang3:3.19.0=compileClasspath,runtimeClasspath,testCompileClasspath,testRuntimeClasspath
org.apache.groovy:groovy-bom:5.0.3=compileClasspath,runtimeClasspath,testCompileClasspath,testRuntimeClasspath
org.apache.groovy:groovy-json:5.0.3=compileClasspath,runtimeClasspath,testCompileClasspath,testRuntimeClasspath
org.apache.groovy:groovy-xml:5.0.3=compileClasspath,runtimeClasspath,testCompileClasspath,testRuntimeClasspath
org.apache.groovy:groovy:5.0.3=compileClasspath,runtimeClasspath,testCompileClasspath,testRuntimeClasspath
org.apache.httpcomponents:httpclient:4.5.13=compileClasspath,runtimeClasspath,testCompileClasspath,testRuntimeClasspath
org.apache.httpcomponents:httpcore:4.4.13=compileClasspath,runtimeClasspath,testCompileClasspath,testRuntimeClasspath
org.apache.httpcomponents:httpmime:4.5.13=compileClasspath,runtimeClasspath,testCompileClasspath,testRuntimeClasspath
org.apiguardian:apiguardian-api:1.1.2=testCompileClasspath
org.assertj:assertj-core:3.27.7=compileClasspath,runtimeClasspath,testCompileClasspath,testRuntimeClasspath
org.awaitility:awaitility:4.3.0=compileClasspath,runtimeClasspath,testCompileClasspath,testRuntimeClasspath
org.ccil.cowan.tagsoup:tagsoup:1.2.1=compileClasspath,runtimeClasspath,testCompileClasspath,testRuntimeClasspath
org.hamcrest:hamcrest:2.2=compileClasspath,runtimeClasspath,testCompileClasspath,testRuntimeClasspath
org.junit.jupiter:junit-jupiter-api:5.14.4=testCompileClasspath,testRuntimeClasspath
org.junit.jupiter:junit-jupiter-engine:5.14.4=testRuntimeClasspath
org.junit.jupiter:junit-jupiter-params:5.14.4=testCompileClasspath,testRuntimeClasspath
org.junit.jupiter:junit-jupiter:5.14.4=testCompileClasspath,testRuntimeClasspath
org.junit.platform:junit-platform-commons:1.14.4=testCompileClasspath,testRuntimeClasspath
org.junit.platform:junit-platform-engine:1.14.4=testRuntimeClasspath
org.junit.platform:junit-platform-launcher:1.14.4=testRuntimeClasspath
org.junit:junit-bom:5.14.4=testCompileClasspath,testRuntimeClasspath
org.opentest4j:opentest4j:1.3.0=testCompileClasspath,testRuntimeClasspath
org.slf4j:slf4j-api:2.0.17=compileClasspath,runtimeClasspath,testCompileClasspath,testRuntimeClasspath
empty=annotationProcessor,testAnnotationProcessor
